github.com/chandraawardhana01/digitalent-microservices v0.0.0-20201015021850-a952cd27ba67 h1:ffuif91ehF2X7xdT7C8v0YhH/XLQ71kkOcpQ9/aqe9o=
github.com/gorilla/mux v1.8.0 h1:i40aqfkR1h2SlN9hojwV5ZA91wcXFOvkdNIeFDP5koI=
github.com/gorilla/mux v1.8.0/go.mod h1:DVbg23sWSpFRCP0SfiEN6jmj59UnW/n46BH5rLB71So=
